
Microsoft Visual Studio Solution File, Format Version 12.00
# Visual Studio 14
VisualStudioVersion = 14.0.25420.1
MinimumVisualStudioVersion = 10.0.40219.1
Project("{FAE04EC0-301F-11D3-BF4B-00C04F79EFBC}") = "City3D", "City3D\City3D.csproj", "{13A45C13-3265-47B8-BC48-A553B569DF55}"
EndProject
Project("{FAE04EC0-301F-11D3-BF4B-00C04F79EFBC}") = "Assembly-CSharp", "C:\Users\holo\Documents\Hololens_Demos_for_SnT_Partnership_Day\Choice3D_v3\City3D\App\GeneratedProjects\UWP\Assembly-CSharp\Assembly-CSharp.csproj", "{55101616-7E5E-4132-AE83-9554F3001BB9}"
EndProject
Project("{FAE04EC0-301F-11D3-BF4B-00C04F79EFBC}") = "Assembly-CSharp-firstpass", "C:\Users\holo\Documents\Hololens_Demos_for_SnT_Partnership_Day\Choice3D_v3\City3D\App\GeneratedProjects\UWP\Assembly-CSharp-firstpass\Assembly-CSharp-firstpass.csproj", "{28992E72-1951-4B6C-8899-6368904392E3}"
EndProject
Global
	GlobalSection(SolutionConfigurationPlatforms) = preSolution
		Debug|ARM = Debug|ARM
		Debug|x64 = Debug|x64
		Debug|x86 = Debug|x86
		Master|ARM = Master|ARM
		Master|x64 = Master|x64
		Master|x86 = Master|x86
		Release|ARM = Release|ARM
		Release|x64 = Release|x64
		Release|x86 = Release|x86
	EndGlobalSection
	GlobalSection(ProjectConfigurationPlatforms) = postSolution
		{13A45C13-3265-47B8-BC48-A553B569DF55}.Debug|ARM.ActiveCfg = Debug|ARM
		{13A45C13-3265-47B8-BC48-A553B569DF55}.Debug|ARM.Build.0 = Debug|ARM
		{13A45C13-3265-47B8-BC48-A553B569DF55}.Debug|ARM.Deploy.0 = Debug|ARM
		{13A45C13-3265-47B8-BC48-A553B569DF55}.Debug|x64.ActiveCfg = Debug|x64
		{13A45C13-3265-47B8-BC48-A553B569DF55}.Debug|x64.Build.0 = Debug|x64
		{13A45C13-3265-47B8-BC48-A553B569DF55}.Debug|x64.Deploy.0 = Debug|x64
		{13A45C13-3265-47B8-BC48-A553B569DF55}.Debug|x86.ActiveCfg = Debug|x86
		{13A45C13-3265-47B8-BC48-A553B569DF55}.Debug|x86.Build.0 = Debug|x86
		{13A45C13-3265-47B8-BC48-A553B569DF55}.Debug|x86.Deploy.0 = Debug|x86
		{13A45C13-3265-47B8-BC48-A553B569DF55}.Master|ARM.ActiveCfg = Master|ARM
		{13A45C13-3265-47B8-BC48-A553B569DF55}.Master|ARM.Build.0 = Master|ARM
		{13A45C13-3265-47B8-BC48-A553B569DF55}.Master|ARM.Deploy.0 = Master|ARM
		{13A45C13-3265-47B8-BC48-A553B569DF55}.Master|x64.ActiveCfg = Master|x64
		{13A45C13-3265-47B8-BC48-A553B569DF55}.Master|x64.Build.0 = Master|x64
		{13A45C13-3265-47B8-BC48-A553B569DF55}.Master|x64.Deploy.0 = Master|x64
		{13A45C13-3265-47B8-BC48-A553B569DF55}.Master|x86.ActiveCfg = Master|x86
		{13A45C13-3265-47B8-BC48-A553B569DF55}.Master|x86.Build.0 = Master|x86
		{13A45C13-3265-47B8-BC48-A553B569DF55}.Master|x86.Deploy.0 = Master|x86
		{13A45C13-3265-47B8-BC48-A553B569DF55}.Release|ARM.ActiveCfg = Release|ARM
		{13A45C13-3265-47B8-BC48-A553B569DF55}.Release|ARM.Build.0 = Release|ARM
		{13A45C13-3265-47B8-BC48-A553B569DF55}.Release|ARM.Deploy.0 = Release|ARM
		{13A45C13-3265-47B8-BC48-A553B569DF55}.Release|x64.ActiveCfg = Release|x64
		{13A45C13-3265-47B8-BC48-A553B569DF55}.Release|x64.Build.0 = Release|x64
		{13A45C13-3265-47B8-BC48-A553B569DF55}.Release|x64.Deploy.0 = Release|x64
		{13A45C13-3265-47B8-BC48-A553B569DF55}.Release|x86.ActiveCfg = Release|x86
		{13A45C13-3265-47B8-BC48-A553B569DF55}.Release|x86.Build.0 = Release|x86
		{13A45C13-3265-47B8-BC48-A553B569DF55}.Release|x86.Deploy.0 = Release|x86
		{55101616-7E5E-4132-AE83-9554F3001BB9}.Debug|ARM.ActiveCfg = Debug|ARM
		{55101616-7E5E-4132-AE83-9554F3001BB9}.Debug|ARM.Build.0 = Debug|ARM
		{55101616-7E5E-4132-AE83-9554F3001BB9}.Debug|x64.ActiveCfg = Debug|x64
		{55101616-7E5E-4132-AE83-9554F3001BB9}.Debug|x64.Build.0 = Debug|x64
		{55101616-7E5E-4132-AE83-9554F3001BB9}.Debug|x86.ActiveCfg = Debug|x86
		{55101616-7E5E-4132-AE83-9554F3001BB9}.Debug|x86.Build.0 = Debug|x86
		{55101616-7E5E-4132-AE83-9554F3001BB9}.Master|ARM.ActiveCfg = Master|ARM
		{55101616-7E5E-4132-AE83-9554F3001BB9}.Master|ARM.Build.0 = Master|ARM
		{55101616-7E5E-4132-AE83-9554F3001BB9}.Master|x64.ActiveCfg = Master|x64
		{55101616-7E5E-4132-AE83-9554F3001BB9}.Master|x64.Build.0 = Master|x64
		{55101616-7E5E-4132-AE83-9554F3001BB9}.Master|x86.ActiveCfg = Master|x86
		{55101616-7E5E-4132-AE83-9554F3001BB9}.Master|x86.Build.0 = Master|x86
		{55101616-7E5E-4132-AE83-9554F3001BB9}.Release|ARM.ActiveCfg = Release|ARM
		{55101616-7E5E-4132-AE83-9554F3001BB9}.Release|ARM.Build.0 = Release|ARM
		{55101616-7E5E-4132-AE83-9554F3001BB9}.Release|x64.ActiveCfg = Release|x64
		{55101616-7E5E-4132-AE83-9554F3001BB9}.Release|x64.Build.0 = Release|x64
		{55101616-7E5E-4132-AE83-9554F3001BB9}.Release|x86.ActiveCfg = Release|x86
		{55101616-7E5E-4132-AE83-9554F3001BB9}.Release|x86.Build.0 = Release|x86
		{28992E72-1951-4B6C-8899-6368904392E3}.Debug|ARM.ActiveCfg = Debug|ARM
		{28992E72-1951-4B6C-8899-6368904392E3}.Debug|ARM.Build.0 = Debug|ARM
		{28992E72-1951-4B6C-8899-6368904392E3}.Debug|x64.ActiveCfg = Debug|x64
		{28992E72-1951-4B6C-8899-6368904392E3}.Debug|x64.Build.0 = Debug|x64
		{28992E72-1951-4B6C-8899-6368904392E3}.Debug|x86.ActiveCfg = Debug|x86
		{28992E72-1951-4B6C-8899-6368904392E3}.Debug|x86.Build.0 = Debug|x86
		{28992E72-1951-4B6C-8899-6368904392E3}.Master|ARM.ActiveCfg = Master|ARM
		{28992E72-1951-4B6C-8899-6368904392E3}.Master|ARM.Build.0 = Master|ARM
		{28992E72-1951-4B6C-8899-6368904392E3}.Master|x64.ActiveCfg = Master|x64
		{28992E72-1951-4B6C-8899-6368904392E3}.Master|x64.Build.0 = Master|x64
		{28992E72-1951-4B6C-8899-6368904392E3}.Master|x86.ActiveCfg = Master|x86
		{28992E72-1951-4B6C-8899-6368904392E3}.Master|x86.Build.0 = Master|x86
		{28992E72-1951-4B6C-8899-6368904392E3}.Release|ARM.ActiveCfg = Release|ARM
		{28992E72-1951-4B6C-8899-6368904392E3}.Release|ARM.Build.0 = Release|ARM
		{28992E72-1951-4B6C-8899-6368904392E3}.Release|x64.ActiveCfg = Release|x64
		{28992E72-1951-4B6C-8899-6368904392E3}.Release|x64.Build.0 = Release|x64
		{28992E72-1951-4B6C-8899-6368904392E3}.Release|x86.ActiveCfg = Release|x86
		{28992E72-1951-4B6C-8899-6368904392E3}.Release|x86.Build.0 = Release|x86
	EndGlobalSection
	GlobalSection(SolutionProperties) = preSolution
		HideSolutionNode = FALSE
	EndGlobalSection
EndGlobal
